
Microsoft Visual Studio Solution File, Format Version 11.00
# Visual Studio 2010
Project("{FAE04EC0-301F-11D3-BF4B-00C04F79EFBC}") = "WinSBSchool", "WinSBSchool\WinSBSchool.csproj", "{D4ABBBF3-94CE-43CE-9CC7-3FB805A7F307}"
EndProject
Project("{FAE04EC0-301F-11D3-BF4B-00C04F79EFBC}") = "CommonLib", "CommonLib\CommonLib.csproj", "{92903B4E-D94B-4975-B325-EF8EC47D2B69}"
EndProject
Project("{FAE04EC0-301F-11D3-BF4B-00C04F79EFBC}") = "DAL", "DAL\DAL.csproj", "{F1C4BA3C-D97B-4848-B200-EFA0782044D0}"
EndProject
Project("{FAE04EC0-301F-11D3-BF4B-00C04F79EFBC}") = "Rules", "Rules\Rules.csproj", "{F5788788-63F8-4996-9CC0-3AD6E4C9DC45}"
EndProject
Project("{54435603-DBB4-11D2-8724-00A0C9A8B90C}") = "SBSchoolSetup", "SBSchoolSetup\SBSchoolSetup.vdproj", "{14990179-5068-4700-BC29-2058E8A6096B}"
EndProject
Project("{FAE04EC0-301F-11D3-BF4B-00C04F79EFBC}") = "SMOScripting", "SMOScripting\SMOScripting.csproj", "{76D44E42-1A30-45FB-881E-C4CBA7E3298D}"
EndProject
Global
	GlobalSection(SolutionConfigurationPlatforms) = preSolution
		Debug|Any CPU = Debug|Any CPU
		Debug|Mixed Platforms = Debug|Mixed Platforms
		Debug|x86 = Debug|x86
		Release|Any CPU = Release|Any CPU
		Release|Mixed Platforms = Release|Mixed Platforms
		Release|x86 = Release|x86
		Ruleset|Any CPU = Ruleset|Any CPU
		Ruleset|Mixed Platforms = Ruleset|Mixed Platforms
		Ruleset|x86 = Ruleset|x86
		SMS|Any CPU = SMS|Any CPU
		SMS|Mixed Platforms = SMS|Mixed Platforms
		SMS|x86 = SMS|x86
	EndGlobalSection
	GlobalSection(ProjectConfigurationPlatforms) = postSolution
		{D4ABBBF3-94CE-43CE-9CC7-3FB805A7F307}.Debug|Any CPU.ActiveCfg = Debug|x86
		{D4ABBBF3-94CE-43CE-9CC7-3FB805A7F307}.Debug|Any CPU.Build.0 = Debug|x86
		{D4ABBBF3-94CE-43CE-9CC7-3FB805A7F307}.Debug|Mixed Platforms.ActiveCfg = Debug|x86
		{D4ABBBF3-94CE-43CE-9CC7-3FB805A7F307}.Debug|Mixed Platforms.Build.0 = Debug|x86
		{D4ABBBF3-94CE-43CE-9CC7-3FB805A7F307}.Debug|x86.ActiveCfg = Debug|x86
		{D4ABBBF3-94CE-43CE-9CC7-3FB805A7F307}.Debug|x86.Build.0 = Debug|x86
		{D4ABBBF3-94CE-43CE-9CC7-3FB805A7F307}.Release|Any CPU.ActiveCfg = Release|x86
		{D4ABBBF3-94CE-43CE-9CC7-3FB805A7F307}.Release|Mixed Platforms.ActiveCfg = Release|x86
		{D4ABBBF3-94CE-43CE-9CC7-3FB805A7F307}.Release|Mixed Platforms.Build.0 = Release|x86
		{D4ABBBF3-94CE-43CE-9CC7-3FB805A7F307}.Release|x86.ActiveCfg = Release|x86
		{D4ABBBF3-94CE-43CE-9CC7-3FB805A7F307}.Release|x86.Build.0 = Release|x86
		{D4ABBBF3-94CE-43CE-9CC7-3FB805A7F307}.Ruleset|Any CPU.ActiveCfg = Release|x86
		{D4ABBBF3-94CE-43CE-9CC7-3FB805A7F307}.Ruleset|Mixed Platforms.ActiveCfg = Release|x86
		{D4ABBBF3-94CE-43CE-9CC7-3FB805A7F307}.Ruleset|Mixed Platforms.Build.0 = Release|x86
		{D4ABBBF3-94CE-43CE-9CC7-3FB805A7F307}.Ruleset|x86.ActiveCfg = Release|x86
		{D4ABBBF3-94CE-43CE-9CC7-3FB805A7F307}.Ruleset|x86.Build.0 = Release|x86
		{D4ABBBF3-94CE-43CE-9CC7-3FB805A7F307}.SMS|Any CPU.ActiveCfg = Release|x86
		{D4ABBBF3-94CE-43CE-9CC7-3FB805A7F307}.SMS|Mixed Platforms.ActiveCfg = Release|x86
		{D4ABBBF3-94CE-43CE-9CC7-3FB805A7F307}.SMS|Mixed Platforms.Build.0 = Release|x86
		{D4ABBBF3-94CE-43CE-9CC7-3FB805A7F307}.SMS|x86.ActiveCfg = Release|x86
		{D4ABBBF3-94CE-43CE-9CC7-3FB805A7F307}.SMS|x86.Build.0 = Release|x86
		{92903B4E-D94B-4975-B325-EF8EC47D2B69}.Debug|Any CPU.ActiveCfg = Debug|Any CPU
		{92903B4E-D94B-4975-B325-EF8EC47D2B69}.Debug|Any CPU.Build.0 = Debug|Any CPU
		{92903B4E-D94B-4975-B325-EF8EC47D2B69}.Debug|Mixed Platforms.ActiveCfg = Debug|Any CPU
		{92903B4E-D94B-4975-B325-EF8EC47D2B69}.Debug|Mixed Platforms.Build.0 = Debug|Any CPU
		{92903B4E-D94B-4975-B325-EF8EC47D2B69}.Debug|x86.ActiveCfg = Debug|Any CPU
		{92903B4E-D94B-4975-B325-EF8EC47D2B69}.Release|Any CPU.ActiveCfg = Release|Any CPU
		{92903B4E-D94B-4975-B325-EF8EC47D2B69}.Release|Any CPU.Build.0 = Release|Any CPU
		{92903B4E-D94B-4975-B325-EF8EC47D2B69}.Release|Mixed Platforms.ActiveCfg = Release|Any CPU
		{92903B4E-D94B-4975-B325-EF8EC47D2B69}.Release|Mixed Platforms.Build.0 = Release|Any CPU
		{92903B4E-D94B-4975-B325-EF8EC47D2B69}.Release|x86.ActiveCfg = Release|Any CPU
		{92903B4E-D94B-4975-B325-EF8EC47D2B69}.Ruleset|Any CPU.ActiveCfg = Release|Any CPU
		{92903B4E-D94B-4975-B325-EF8EC47D2B69}.Ruleset|Any CPU.Build.0 = Release|Any CPU
		{92903B4E-D94B-4975-B325-EF8EC47D2B69}.Ruleset|Mixed Platforms.ActiveCfg = Release|Any CPU
		{92903B4E-D94B-4975-B325-EF8EC47D2B69}.Ruleset|Mixed Platforms.Build.0 = Release|Any CPU
		{92903B4E-D94B-4975-B325-EF8EC47D2B69}.Ruleset|x86.ActiveCfg = Release|Any CPU
		{92903B4E-D94B-4975-B325-EF8EC47D2B69}.SMS|Any CPU.ActiveCfg = Release|Any CPU
		{92903B4E-D94B-4975-B325-EF8EC47D2B69}.SMS|Any CPU.Build.0 = Release|Any CPU
		{92903B4E-D94B-4975-B325-EF8EC47D2B69}.SMS|Mixed Platforms.ActiveCfg = Release|Any CPU
		{92903B4E-D94B-4975-B325-EF8EC47D2B69}.SMS|Mixed Platforms.Build.0 = Release|Any CPU
		{92903B4E-D94B-4975-B325-EF8EC47D2B69}.SMS|x86.ActiveCfg = Release|Any CPU
		{F1C4BA3C-D97B-4848-B200-EFA0782044D0}.Debug|Any CPU.ActiveCfg = Debug|Any CPU
		{F1C4BA3C-D97B-4848-B200-EFA0782044D0}.Debug|Any CPU.Build.0 = Debug|Any CPU
		{F1C4BA3C-D97B-4848-B200-EFA0782044D0}.Debug|Mixed Platforms.ActiveCfg = Debug|Any CPU
		{F1C4BA3C-D97B-4848-B200-EFA0782044D0}.Debug|Mixed Platforms.Build.0 = Debug|Any CPU
		{F1C4BA3C-D97B-4848-B200-EFA0782044D0}.Debug|x86.ActiveCfg = Debug|Any CPU
		{F1C4BA3C-D97B-4848-B200-EFA0782044D0}.Release|Any CPU.ActiveCfg = Release|Any CPU
		{F1C4BA3C-D97B-4848-B200-EFA0782044D0}.Release|Any CPU.Build.0 = Release|Any CPU
		{F1C4BA3C-D97B-4848-B200-EFA0782044D0}.Release|Mixed Platforms.ActiveCfg = Release|Any CPU
		{F1C4BA3C-D97B-4848-B200-EFA0782044D0}.Release|Mixed Platforms.Build.0 = Release|Any CPU
		{F1C4BA3C-D97B-4848-B200-EFA0782044D0}.Release|x86.ActiveCfg = Release|Any CPU
		{F1C4BA3C-D97B-4848-B200-EFA0782044D0}.Ruleset|Any CPU.ActiveCfg = Release|Any CPU
		{F1C4BA3C-D97B-4848-B200-EFA0782044D0}.Ruleset|Any CPU.Build.0 = Release|Any CPU
		{F1C4BA3C-D97B-4848-B200-EFA0782044D0}.Ruleset|Mixed Platforms.ActiveCfg = Release|Any CPU
		{F1C4BA3C-D97B-4848-B200-EFA0782044D0}.Ruleset|Mixed Platforms.Build.0 = Release|Any CPU
		{F1C4BA3C-D97B-4848-B200-EFA0782044D0}.Ruleset|x86.ActiveCfg = Release|Any CPU
		{F1C4BA3C-D97B-4848-B200-EFA0782044D0}.SMS|Any CPU.ActiveCfg = Release|Any CPU
		{F1C4BA3C-D97B-4848-B200-EFA0782044D0}.SMS|Any CPU.Build.0 = Release|Any CPU
		{F1C4BA3C-D97B-4848-B200-EFA0782044D0}.SMS|Mixed Platforms.ActiveCfg = Release|Any CPU
		{F1C4BA3C-D97B-4848-B200-EFA0782044D0}.SMS|Mixed Platforms.Build.0 = Release|Any CPU
		{F1C4BA3C-D97B-4848-B200-EFA0782044D0}.SMS|x86.ActiveCfg = Release|Any CPU
		{F5788788-63F8-4996-9CC0-3AD6E4C9DC45}.Debug|Any CPU.ActiveCfg = Debug|Any CPU
		{F5788788-63F8-4996-9CC0-3AD6E4C9DC45}.Debug|Any CPU.Build.0 = Debug|Any CPU
		{F5788788-63F8-4996-9CC0-3AD6E4C9DC45}.Debug|Mixed Platforms.ActiveCfg = Debug|Any CPU
		{F5788788-63F8-4996-9CC0-3AD6E4C9DC45}.Debug|Mixed Platforms.Build.0 = Debug|Any CPU
		{F5788788-63F8-4996-9CC0-3AD6E4C9DC45}.Debug|x86.ActiveCfg = Debug|Any CPU
		{F5788788-63F8-4996-9CC0-3AD6E4C9DC45}.Release|Any CPU.ActiveCfg = Release|Any CPU
		{F5788788-63F8-4996-9CC0-3AD6E4C9DC45}.Release|Any CPU.Build.0 = Release|Any CPU
		{F5788788-63F8-4996-9CC0-3AD6E4C9DC45}.Release|Mixed Platforms.ActiveCfg = Release|Any CPU
		{F5788788-63F8-4996-9CC0-3AD6E4C9DC45}.Release|Mixed Platforms.Build.0 = Release|Any CPU
		{F5788788-63F8-4996-9CC0-3AD6E4C9DC45}.Release|x86.ActiveCfg = Release|Any CPU
		{F5788788-63F8-4996-9CC0-3AD6E4C9DC45}.Ruleset|Any CPU.ActiveCfg = Release|Any CPU
		{F5788788-63F8-4996-9CC0-3AD6E4C9DC45}.Ruleset|Any CPU.Build.0 = Release|Any CPU
		{F5788788-63F8-4996-9CC0-3AD6E4C9DC45}.Ruleset|Mixed Platforms.ActiveCfg = Release|Any CPU
		{F5788788-63F8-4996-9CC0-3AD6E4C9DC45}.Ruleset|Mixed Platforms.Build.0 = Release|Any CPU
		{F5788788-63F8-4996-9CC0-3AD6E4C9DC45}.Ruleset|x86.ActiveCfg = Release|Any CPU
		{F5788788-63F8-4996-9CC0-3AD6E4C9DC45}.SMS|Any CPU.ActiveCfg = Release|Any CPU
		{F5788788-63F8-4996-9CC0-3AD6E4C9DC45}.SMS|Any CPU.Build.0 = Release|Any CPU
		{F5788788-63F8-4996-9CC0-3AD6E4C9DC45}.SMS|Mixed Platforms.ActiveCfg = Release|Any CPU
		{F5788788-63F8-4996-9CC0-3AD6E4C9DC45}.SMS|Mixed Platforms.Build.0 = Release|Any CPU
		{F5788788-63F8-4996-9CC0-3AD6E4C9DC45}.SMS|x86.ActiveCfg = Release|Any CPU
		{14990179-5068-4700-BC29-2058E8A6096B}.Debug|Any CPU.ActiveCfg = Debug
		{14990179-5068-4700-BC29-2058E8A6096B}.Debug|Mixed Platforms.ActiveCfg = Debug
		{14990179-5068-4700-BC29-2058E8A6096B}.Debug|x86.ActiveCfg = Debug
		{14990179-5068-4700-BC29-2058E8A6096B}.Debug|x86.Build.0 = Debug
		{14990179-5068-4700-BC29-2058E8A6096B}.Release|Any CPU.ActiveCfg = Release
		{14990179-5068-4700-BC29-2058E8A6096B}.Release|Any CPU.Build.0 = Release
		{14990179-5068-4700-BC29-2058E8A6096B}.Release|Mixed Platforms.ActiveCfg = Release
		{14990179-5068-4700-BC29-2058E8A6096B}.Release|Mixed Platforms.Build.0 = Release
		{14990179-5068-4700-BC29-2058E8A6096B}.Release|x86.ActiveCfg = Release
		{14990179-5068-4700-BC29-2058E8A6096B}.Release|x86.Build.0 = Release
		{14990179-5068-4700-BC29-2058E8A6096B}.Ruleset|Any CPU.ActiveCfg = Release
		{14990179-5068-4700-BC29-2058E8A6096B}.Ruleset|Any CPU.Build.0 = Release
		{14990179-5068-4700-BC29-2058E8A6096B}.Ruleset|Mixed Platforms.ActiveCfg = Release
		{14990179-5068-4700-BC29-2058E8A6096B}.Ruleset|Mixed Platforms.Build.0 = Release
		{14990179-5068-4700-BC29-2058E8A6096B}.Ruleset|x86.ActiveCfg = Release
		{14990179-5068-4700-BC29-2058E8A6096B}.Ruleset|x86.Build.0 = Release
		{14990179-5068-4700-BC29-2058E8A6096B}.SMS|Any CPU.ActiveCfg = Release
		{14990179-5068-4700-BC29-2058E8A6096B}.SMS|Any CPU.Build.0 = Release
		{14990179-5068-4700-BC29-2058E8A6096B}.SMS|Mixed Platforms.ActiveCfg = Release
		{14990179-5068-4700-BC29-2058E8A6096B}.SMS|Mixed Platforms.Build.0 = Release
		{14990179-5068-4700-BC29-2058E8A6096B}.SMS|x86.ActiveCfg = Release
		{14990179-5068-4700-BC29-2058E8A6096B}.SMS|x86.Build.0 = Release
		{76D44E42-1A30-45FB-881E-C4CBA7E3298D}.Debug|Any CPU.ActiveCfg = Debug|Any CPU
		{76D44E42-1A30-45FB-881E-C4CBA7E3298D}.Debug|Any CPU.Build.0 = Debug|Any CPU
		{76D44E42-1A30-45FB-881E-C4CBA7E3298D}.Debug|Mixed Platforms.ActiveCfg = Debug|Any CPU
		{76D44E42-1A30-45FB-881E-C4CBA7E3298D}.Debug|Mixed Platforms.Build.0 = Debug|Any CPU
		{76D44E42-1A30-45FB-881E-C4CBA7E3298D}.Debug|x86.ActiveCfg = Debug|Any CPU
		{76D44E42-1A30-45FB-881E-C4CBA7E3298D}.Release|Any CPU.ActiveCfg = Release|Any CPU
		{76D44E42-1A30-45FB-881E-C4CBA7E3298D}.Release|Any CPU.Build.0 = Release|Any CPU
		{76D44E42-1A30-45FB-881E-C4CBA7E3298D}.Release|Mixed Platforms.ActiveCfg = Release|Any CPU
		{76D44E42-1A30-45FB-881E-C4CBA7E3298D}.Release|Mixed Platforms.Build.0 = Release|Any CPU
		{76D44E42-1A30-45FB-881E-C4CBA7E3298D}.Release|x86.ActiveCfg = Release|Any CPU
		{76D44E42-1A30-45FB-881E-C4CBA7E3298D}.Ruleset|Any CPU.ActiveCfg = Release|Any CPU
		{76D44E42-1A30-45FB-881E-C4CBA7E3298D}.Ruleset|Any CPU.Build.0 = Release|Any CPU
		{76D44E42-1A30-45FB-881E-C4CBA7E3298D}.Ruleset|Mixed Platforms.ActiveCfg = Release|Any CPU
		{76D44E42-1A30-45FB-881E-C4CBA7E3298D}.Ruleset|Mixed Platforms.Build.0 = Release|Any CPU
		{76D44E42-1A30-45FB-881E-C4CBA7E3298D}.Ruleset|x86.ActiveCfg = Release|Any CPU
		{76D44E42-1A30-45FB-881E-C4CBA7E3298D}.SMS|Any CPU.ActiveCfg = Release|Any CPU
		{76D44E42-1A30-45FB-881E-C4CBA7E3298D}.SMS|Any CPU.Build.0 = Release|Any CPU
		{76D44E42-1A30-45FB-881E-C4CBA7E3298D}.SMS|Mixed Platforms.ActiveCfg = Release|Any CPU
		{76D44E42-1A30-45FB-881E-C4CBA7E3298D}.SMS|Mixed Platforms.Build.0 = Release|Any CPU
		{76D44E42-1A30-45FB-881E-C4CBA7E3298D}.SMS|x86.ActiveCfg = Release|Any CPU
	EndGlobalSection
	GlobalSection(SolutionProperties) = preSolution
		HideSolutionNode = FALSE
	EndGlobalSection
EndGlobal
